
Microsoft Visual Studio Solution File, Format Version 12.00
# Visual Studio 15
VisualStudioVersion = 15.0.27703.2042
MinimumVisualStudioVersion = 10.0.40219.1
Project("{FAE04EC0-301F-11D3-BF4B-00C04F79EFBC}") = "NewsletterAppMVC", "NewsletterAppMVC\NewsletterAppMVC.csproj", "{817838DD-917E-46D5-83B1-7D3BB314CAED}"
EndProject
Global
	GlobalSection(SolutionConfigurationPlatforms) = preSolution
		Debug|Any CPU = Debug|Any CPU
		Release|Any CPU = Release|Any CPU
	EndGlobalSection
	GlobalSection(ProjectConfigurationPlatforms) = postSolution
		{817838DD-917E-46D5-83B1-7D3BB314CAED}.Debug|Any CPU.ActiveCfg = Debug|Any CPU
		{817838DD-917E-46D5-83B1-7D3BB314CAED}.Debug|Any CPU.Build.0 = Debug|Any CPU
		{817838DD-917E-46D5-83B1-7D3BB314CAED}.Release|Any CPU.ActiveCfg = Release|Any CPU
		{817838DD-917E-46D5-83B1-7D3BB314CAED}.Release|Any CPU.Build.0 = Release|Any CPU
	EndGlobalSection
	GlobalSection(SolutionProperties) = preSolution
		HideSolutionNode = FALSE
	EndGlobalSection
	GlobalSection(ExtensibilityGlobals) = postSolution
		SolutionGuid = {4D4F5C24-F364-4DBC-882D-1C2D30D5A52D}
	EndGlobalSection
EndGlobal
